
Microsoft Visual Studio Solution File, Format Version 11.00
# Visual Studio 2010
Project("{FAE04EC0-301F-11D3-BF4B-00C04F79EFBC}") = "Demo 1 - Blank Project", "Demo 1 - Blank Project\Demo 1 - Blank Project.csproj", "{CAD4F597-1C00-4BED-AA59-848660526748}"
EndProject
Global
	GlobalSection(SolutionConfigurationPlatforms) = preSolution
		Debug|x86 = Debug|x86
		Release|x86 = Release|x86
	EndGlobalSection
	GlobalSection(ProjectConfigurationPlatforms) = postSolution
		{CAD4F597-1C00-4BED-AA59-848660526748}.Debug|x86.ActiveCfg = Debug|x86
		{CAD4F597-1C00-4BED-AA59-848660526748}.Debug|x86.Build.0 = Debug|x86
		{CAD4F597-1C00-4BED-AA59-848660526748}.Release|x86.ActiveCfg = Release|x86
		{CAD4F597-1C00-4BED-AA59-848660526748}.Release|x86.Build.0 = Release|x86
	EndGlobalSection
	GlobalSection(SolutionProperties) = preSolution
		HideSolutionNode = FALSE
	EndGlobalSection
EndGlobal
